
Microsoft Visual Studio Solution File, Format Version 12.00
# Visual Studio 15
VisualStudioVersion = 15.0.28307.421
MinimumVisualStudioVersion = 10.0.40219.1
Project("{9A19103F-16F7-4668-BE54-9A1E7A4F7556}") = "ParentProject", "ParentProject\ParentProject.csproj", "{651DF9BE-276D-4218-A05C-0F014E44AF23}"
EndProject
Project("{9A19103F-16F7-4668-BE54-9A1E7A4F7556}") = "ChildProject", "..\csharp_child\ChildProject\ChildProject\ChildProject.csproj", "{D14EFF53-502B-426B-AAFF-B4080E736B0D}"
EndProject
Global
	GlobalSection(SolutionConfigurationPlatforms) = preSolution
		Debug|Any CPU = Debug|Any CPU
		Release|Any CPU = Release|Any CPU
	EndGlobalSection
	GlobalSection(ProjectConfigurationPlatforms) = postSolution
		{651DF9BE-276D-4218-A05C-0F014E44AF23}.Debug|Any CPU.ActiveCfg = Debug|Any CPU
		{651DF9BE-276D-4218-A05C-0F014E44AF23}.Debug|Any CPU.Build.0 = Debug|Any CPU
		{651DF9BE-276D-4218-A05C-0F014E44AF23}.Release|Any CPU.ActiveCfg = Release|Any CPU
		{651DF9BE-276D-4218-A05C-0F014E44AF23}.Release|Any CPU.Build.0 = Release|Any CPU
		{D14EFF53-502B-426B-AAFF-B4080E736B0D}.Debug|Any CPU.ActiveCfg = Debug|Any CPU
		{D14EFF53-502B-426B-AAFF-B4080E736B0D}.Debug|Any CPU.Build.0 = Debug|Any CPU
		{D14EFF53-502B-426B-AAFF-B4080E736B0D}.Release|Any CPU.ActiveCfg = Release|Any CPU
		{D14EFF53-502B-426B-AAFF-B4080E736B0D}.Release|Any CPU.Build.0 = Release|Any CPU
	EndGlobalSection
	GlobalSection(SolutionProperties) = preSolution
		HideSolutionNode = FALSE
	EndGlobalSection
	GlobalSection(ExtensibilityGlobals) = postSolution
		SolutionGuid = {A0FD9A39-90C7-4605-A1F7-B63F961C1DB2}
	EndGlobalSection
EndGlobal
